<?xml version="1.0" encoding="utf-8"?>
<Project ToolsVersion="4.0" xmlns="http://schemas.microsoft.com/developer/msbuild/2003">
  <ItemGroup>
    <Filter Include="Source Files">
      <UniqueIdentifier>{4FC737F1-C7A5-4376-A066-2A32D752A2FF}</UniqueIdentifier>
      <Extensions>cpp;c;cc;cxx;def;odl;idl;hpj;bat;asm;asmx</Extensions>
    </Filter>
    <Filter Include="Header Files">
      <UniqueIdentifier>{93995380-89BD-4b04-88EB-625FBE52EBFB}</UniqueIdentifier>
      <Extensions>h;hh;hpp;hxx;hm;inl;inc;xsd</Extensions>
    </Filter>
    <Filter Include="Resource Files">
      <UniqueIdentifier>{67DA6AB6-F800-4c08-8B7A-83BB121AAD01}</UniqueIdentifier>
      <Extensions>rc;ico;cur;bmp;dlg;rc2;rct;bin;rgs;gif;jpg;jpeg;jpe;resx;tiff;tif;png;wav;mfcribbon-ms</Extensions>
    </Filter>
    <Filter Include="Source Files\Shaders">
      <UniqueIdentifier>{e4b9365f-58bc-48c7-bcb2-f46a22628e7a}</UniqueIdentifier>
    </Filter>
    <Filter Include="Source Files\GUI">
      <UniqueIdentifier>{ffc56b83-e467-428f-8e60-5c84c54d447d}</UniqueIdentifier>
    </Filter>
    <Filter Include="Source Files\GUI\imgui">
      <UniqueIdentifier>{a0466ec8-88db-401f-8ae9-299602671a0f}</UniqueIdentifier>
    </Filter>
    <Filter Include="Header Files\GUI">
      <UniqueIdentifier>{a494d23a-b53e-454c-9f58-b6bc2a8e5af4}</UniqueIdentifier>
    </Filter>
    <Filter Include="Header Files\GUI\imgui">
      <UniqueIdentifier>{10b58f21-3689-4c71-a6dd-686b3cb0a578}</UniqueIdentifier>
    </Filter>
    <Filter Include="Source Files\Lab1">
      <UniqueIdentifier>{418911ed-14e1-4d8f-8507-3e003d21a7aa}</UniqueIdentifier>
    </Filter>
    <Filter Include="Header Files\Lab1">
      <UniqueIdentifier>{dbaf31f5-3656-4b13-8b35-e57094a1a883}</UniqueIdentifier>
    </Filter>
    <Filter Include="Source Files\Lab1\Shaders">
      <UniqueIdentifier>{e11e4736-42b4-4989-901b-c5a1d4216537}</UniqueIdentifier>
    </Filter>
  </ItemGroup>
  <ItemGroup>
    <ClCompile Include="SynD3D.cpp">
      <Filter>Source Files</Filter>
    </ClCompile>
    <ClCompile Include="SynGraphics.cpp">
      <Filter>Source Files</Filter>
    </ClCompile>
    <ClCompile Include="SynInput.cpp">
      <Filter>Source Files</Filter>
    </ClCompile>
    <ClCompile Include="Main.cpp">
      <Filter>Source Files</Filter>
    </ClCompile>
    <ClCompile Include="SynSystem.cpp">
      <Filter>Source Files</Filter>
    </ClCompile>
    <ClCompile Include="SynModel.cpp">
      <Filter>Source Files</Filter>
    </ClCompile>
    <ClCompile Include="SynColorShader.cpp">
      <Filter>Source Files</Filter>
    </ClCompile>
    <ClCompile Include="SynCamera.cpp">
      <Filter>Source Files</Filter>
    </ClCompile>
    <ClCompile Include="SynTexture.cpp">
      <Filter>Source Files</Filter>
    </ClCompile>
    <ClCompile Include="SynLight.cpp">
      <Filter>Source Files</Filter>
    </ClCompile>
    <ClCompile Include="SynFont.cpp">
      <Filter>Source Files</Filter>
    </ClCompile>
    <ClCompile Include="SynFontShader.cpp">
      <Filter>Source Files</Filter>
    </ClCompile>
    <ClCompile Include="SynSkyDome.cpp">
      <Filter>Source Files</Filter>
    </ClCompile>
    <ClCompile Include="SynSkyDomeShader.cpp">
      <Filter>Source Files</Filter>
    </ClCompile>
    <ClCompile Include="SynPosition.cpp">
      <Filter>Source Files</Filter>
    </ClCompile>
    <ClCompile Include="SynTimer.cpp">
      <Filter>Source Files</Filter>
    </ClCompile>
    <ClCompile Include="SynFpsCounter.cpp">
      <Filter>Source Files</Filter>
    </ClCompile>
    <ClCompile Include="SynCpuUsage.cpp">
      <Filter>Source Files</Filter>
    </ClCompile>
    <ClCompile Include="SynTerrain.cpp">
      <Filter>Source Files</Filter>
    </ClCompile>
    <ClCompile Include="SynTerrainShader.cpp">
      <Filter>Source Files</Filter>
    </ClCompile>
    <ClCompile Include="imgui.cpp">
      <Filter>Source Files\GUI\imgui</Filter>
    </ClCompile>
    <ClCompile Include="imgui_demo.cpp">
      <Filter>Source Files\GUI\imgui</Filter>
    </ClCompile>
    <ClCompile Include="imgui_draw.cpp">
      <Filter>Source Files\GUI\imgui</Filter>
    </ClCompile>
    <ClCompile Include="imgui_impl_dx11.cpp">
      <Filter>Source Files\GUI\imgui</Filter>
    </ClCompile>
    <ClCompile Include="SynGUI.cpp">
      <Filter>Source Files</Filter>
    </ClCompile>
    <ClCompile Include="SynSound.cpp">
      <Filter>Source Files</Filter>
    </ClCompile>
    <ClCompile Include="Lab1Model.cpp">
      <Filter>Source Files\Lab1</Filter>
    </ClCompile>
    <ClCompile Include="Lab1Shader.cpp">
      <Filter>Source Files\Lab1</Filter>
    </ClCompile>
  </ItemGroup>
  <ItemGroup>
    <ClInclude Include="SynD3D.h">
      <Filter>Header Files</Filter>
    </ClInclude>
    <ClInclude Include="SynGraphics.h">
      <Filter>Header Files</Filter>
    </ClInclude>
    <ClInclude Include="SynInput.h">
      <Filter>Header Files</Filter>
    </ClInclude>
    <ClInclude Include="SynSystem.h">
      <Filter>Header Files</Filter>
    </ClInclude>
    <ClInclude Include="SynModel.h">
      <Filter>Header Files</Filter>
    </ClInclude>
    <ClInclude Include="SynColorShader.h">
      <Filter>Header Files</Filter>
    </ClInclude>
    <ClInclude Include="SynCamera.h">
      <Filter>Header Files</Filter>
    </ClInclude>
    <ClInclude Include="SynTexture.h">
      <Filter>Header Files</Filter>
    </ClInclude>
    <ClInclude Include="SynLight.h">
      <Filter>Header Files</Filter>
    </ClInclude>
    <ClInclude Include="SynFont.h">
      <Filter>Header Files</Filter>
    </ClInclude>
    <ClInclude Include="SynFontShader.h">
      <Filter>Header Files</Filter>
    </ClInclude>
    <ClInclude Include="Common.h">
      <Filter>Header Files</Filter>
    </ClInclude>
    <ClInclude Include="resource.h">
      <Filter>Header Files</Filter>
    </ClInclude>
    <ClInclude Include="SynSkyDome.h">
      <Filter>Header Files</Filter>
    </ClInclude>
    <ClInclude Include="SynSkyDomeShader.h">
      <Filter>Header Files</Filter>
    </ClInclude>
    <ClInclude Include="SynPosition.h">
      <Filter>Header Files</Filter>
    </ClInclude>
    <ClInclude Include="SynTimer.h">
      <Filter>Header Files</Filter>
    </ClInclude>
    <ClInclude Include="SynFpsCounter.h">
      <Filter>Header Files</Filter>
    </ClInclude>
    <ClInclude Include="SynCpuUsage.h">
      <Filter>Header Files</Filter>
    </ClInclude>
    <ClInclude Include="SynTerrain.h">
      <Filter>Header Files</Filter>
    </ClInclude>
    <ClInclude Include="SynTerrainShader.h">
      <Filter>Header Files</Filter>
    </ClInclude>
    <ClInclude Include="imconfig.h">
      <Filter>Header Files\GUI\imgui</Filter>
    </ClInclude>
    <ClInclude Include="imgui.h">
      <Filter>Header Files\GUI\imgui</Filter>
    </ClInclude>
    <ClInclude Include="imgui_impl_dx11.h">
      <Filter>Header Files\GUI\imgui</Filter>
    </ClInclude>
    <ClInclude Include="imgui_internal.h">
      <Filter>Header Files\GUI\imgui</Filter>
    </ClInclude>
    <ClInclude Include="stb_rect_pack.h">
      <Filter>Header Files\GUI\imgui</Filter>
    </ClInclude>
    <ClInclude Include="stb_textedit.h">
      <Filter>Header Files\GUI\imgui</Filter>
    </ClInclude>
    <ClInclude Include="stb_truetype.h">
      <Filter>Header Files\GUI\imgui</Filter>
    </ClInclude>
    <ClInclude Include="SynGUI.h">
      <Filter>Header Files</Filter>
    </ClInclude>
    <ClInclude Include="SynSound.h">
      <Filter>Header Files</Filter>
    </ClInclude>
    <ClInclude Include="Lab1Model.h">
      <Filter>Header Files\Lab1</Filter>
    </ClInclude>
    <ClInclude Include="Lab1Shader.h">
      <Filter>Header Files\Lab1</Filter>
    </ClInclude>
  </ItemGroup>
  <ItemGroup>
    <FxCompile Include="ModelPixelShader.hlsl">
      <Filter>Source Files\Shaders</Filter>
    </FxCompile>
    <FxCompile Include="ModelVertexShader.hlsl">
      <Filter>Source Files\Shaders</Filter>
    </FxCompile>
    <FxCompile Include="SkyDomePixelShader.hlsl">
      <Filter>Source Files\Shaders</Filter>
    </FxCompile>
    <FxCompile Include="SkyDomeVertexShader.hlsl">
      <Filter>Source Files\Shaders</Filter>
    </FxCompile>
    <FxCompile Include="TerrainPixelShader.hlsl">
      <Filter>Source Files\Shaders</Filter>
    </FxCompile>
    <FxCompile Include="TerrainVertexShader.hlsl">
      <Filter>Source Files\Shaders</Filter>
    </FxCompile>
    <FxCompile Include="Lab1VertexShader.hlsl">
      <Filter>Source Files\Lab1\Shaders</Filter>
    </FxCompile>
    <FxCompile Include="Lab1PixelShader.hlsl">
      <Filter>Source Files\Lab1\Shaders</Filter>
    </FxCompile>
  </ItemGroup>
  <ItemGroup>
    <ResourceCompile Include="Resource.rc">
      <Filter>Resource Files</Filter>
    </ResourceCompile>
  </ItemGroup>
  <ItemGroup>
    <None Include="packages.config" />
  </ItemGroup>
</Project>